
Microsoft Visual Studio Solution File, Format Version 12.00
Project("{FAE04EC0-301F-11D3-BF4B-00C04F79EFBC}") = "Reload", "Reload\Reload.csproj", "{238AE25A-869B-4BD1-AC05-4D5A27D3508B}"
EndProject
Global
	GlobalSection(SolutionConfigurationPlatforms) = preSolution
		Debug|Any CPU = Debug|Any CPU
		Release|Any CPU = Release|Any CPU
	EndGlobalSection
	GlobalSection(ProjectConfigurationPlatforms) = postSolution
		{238AE25A-869B-4BD1-AC05-4D5A27D3508B}.Debug|Any CPU.ActiveCfg = Debug|Any CPU
		{238AE25A-869B-4BD1-AC05-4D5A27D3508B}.Debug|Any CPU.Build.0 = Debug|Any CPU
		{238AE25A-869B-4BD1-AC05-4D5A27D3508B}.Release|Any CPU.ActiveCfg = Release|Any CPU
		{238AE25A-869B-4BD1-AC05-4D5A27D3508B}.Release|Any CPU.Build.0 = Release|Any CPU
	EndGlobalSection
EndGlobal
